
Microsoft Visual Studio Solution File, Format Version 12.00
# Visual Studio Version 16
VisualStudioVersion = 16.0.31205.134
MinimumVisualStudioVersion = 10.0.40219.1
Project("{FAE04EC0-301F-11D3-BF4B-00C04F79EFBC}") = "TrangTinTucDonGian", "TrangTinTucDonGian\TrangTinTucDonGian.csproj", "{53B204E2-72DA-45E5-9CFB-CC7D1D11AC3A}"
EndProject
Global
	GlobalSection(SolutionConfigurationPlatforms) = preSolution
		Debug|Any CPU = Debug|Any CPU
		Release|Any CPU = Release|Any CPU
	EndGlobalSection
	GlobalSection(ProjectConfigurationPlatforms) = postSolution
		{53B204E2-72DA-45E5-9CFB-CC7D1D11AC3A}.Debug|Any CPU.ActiveCfg = Debug|Any CPU
		{53B204E2-72DA-45E5-9CFB-CC7D1D11AC3A}.Debug|Any CPU.Build.0 = Debug|Any CPU
		{53B204E2-72DA-45E5-9CFB-CC7D1D11AC3A}.Release|Any CPU.ActiveCfg = Release|Any CPU
		{53B204E2-72DA-45E5-9CFB-CC7D1D11AC3A}.Release|Any CPU.Build.0 = Release|Any CPU
	EndGlobalSection
	GlobalSection(SolutionProperties) = preSolution
		HideSolutionNode = FALSE
	EndGlobalSection
	GlobalSection(ExtensibilityGlobals) = postSolution
		SolutionGuid = {6FB8EF7C-8AB8-4075-8DA3-D25CA0552258}
	EndGlobalSection
EndGlobal
